
Microsoft Visual Studio Solution File, Format Version 12.00
# Visual Studio 15
VisualStudioVersion = 15.0.26730.12
MinimumVisualStudioVersion = 10.0.40219.1
Project("{FAE04EC0-301F-11D3-BF4B-00C04F79EFBC}") = "FormsChat.Android", "FormsChat\FormsChat.Android\FormsChat.Android.csproj", "{2CD8EA37-D5C0-4CE1-AED6-044C8F7BB5E1}"
EndProject
Project("{FAE04EC0-301F-11D3-BF4B-00C04F79EFBC}") = "FormsChat", "FormsChat\FormsChat\FormsChat.csproj", "{60EA9CFF-6314-4697-9E0D-B318E31BAECB}"
EndProject
Project("{FAE04EC0-301F-11D3-BF4B-00C04F79EFBC}") = "FormsChat.UWP", "FormsChat\FormsChat.UWP\FormsChat.UWP.csproj", "{C526B545-D3EB-49A6-BDA6-029A887FB9C4}"
EndProject
Project("{FAE04EC0-301F-11D3-BF4B-00C04F79EFBC}") = "FormsChat.iOS", "FormsChat\FormsChat.iOS\FormsChat.iOS.csproj", "{38F6FCB9-9DCD-4824-B3E5-947BCEDD8800}"
EndProject
Global
	GlobalSection(SolutionConfigurationPlatforms) = preSolution
		Ad-Hoc|Any CPU = Ad-Hoc|Any CPU
		Ad-Hoc|ARM = Ad-Hoc|ARM
		Ad-Hoc|iPhone = Ad-Hoc|iPhone
		Ad-Hoc|iPhoneSimulator = Ad-Hoc|iPhoneSimulator
		Ad-Hoc|x64 = Ad-Hoc|x64
		Ad-Hoc|x86 = Ad-Hoc|x86
		AppStore|Any CPU = AppStore|Any CPU
		AppStore|ARM = AppStore|ARM
		AppStore|iPhone = AppStore|iPhone
		AppStore|iPhoneSimulator = AppStore|iPhoneSimulator
		AppStore|x64 = AppStore|x64
		AppStore|x86 = AppStore|x86
		Debug|Any CPU = Debug|Any CPU
		Debug|ARM = Debug|ARM
		Debug|iPhone = Debug|iPhone
		Debug|iPhoneSimulator = Debug|iPhoneSimulator
		Debug|x64 = Debug|x64
		Debug|x86 = Debug|x86
		Release|Any CPU = Release|Any CPU
		Release|ARM = Release|ARM
		Release|iPhone = Release|iPhone
		Release|iPhoneSimulator = Release|iPhoneSimulator
		Release|x64 = Release|x64
		Release|x86 = Release|x86
	EndGlobalSection
	GlobalSection(ProjectConfigurationPlatforms) = postSolution
		{2CD8EA37-D5C0-4CE1-AED6-044C8F7BB5E1}.Ad-Hoc|Any CPU.ActiveCfg = Release|Any CPU
		{2CD8EA37-D5C0-4CE1-AED6-044C8F7BB5E1}.Ad-Hoc|Any CPU.Build.0 = Release|Any CPU
		{2CD8EA37-D5C0-4CE1-AED6-044C8F7BB5E1}.Ad-Hoc|Any CPU.Deploy.0 = Release|Any CPU
		{2CD8EA37-D5C0-4CE1-AED6-044C8F7BB5E1}.Ad-Hoc|ARM.ActiveCfg = Release|Any CPU
		{2CD8EA37-D5C0-4CE1-AED6-044C8F7BB5E1}.Ad-Hoc|ARM.Build.0 = Release|Any CPU
		{2CD8EA37-D5C0-4CE1-AED6-044C8F7BB5E1}.Ad-Hoc|ARM.Deploy.0 = Release|Any CPU
		{2CD8EA37-D5C0-4CE1-AED6-044C8F7BB5E1}.Ad-Hoc|iPhone.ActiveCfg = Release|Any CPU
		{2CD8EA37-D5C0-4CE1-AED6-044C8F7BB5E1}.Ad-Hoc|iPhone.Build.0 = Release|Any CPU
		{2CD8EA37-D5C0-4CE1-AED6-044C8F7BB5E1}.Ad-Hoc|iPhone.Deploy.0 = Release|Any CPU
		{2CD8EA37-D5C0-4CE1-AED6-044C8F7BB5E1}.Ad-Hoc|iPhoneSimulator.ActiveCfg = Release|Any CPU
		{2CD8EA37-D5C0-4CE1-AED6-044C8F7BB5E1}.Ad-Hoc|iPhoneSimulator.Build.0 = Release|Any CPU
		{2CD8EA37-D5C0-4CE1-AED6-044C8F7BB5E1}.Ad-Hoc|iPhoneSimulator.Deploy.0 = Release|Any CPU
		{2CD8EA37-D5C0-4CE1-AED6-044C8F7BB5E1}.Ad-Hoc|x64.ActiveCfg = Release|Any CPU
		{2CD8EA37-D5C0-4CE1-AED6-044C8F7BB5E1}.Ad-Hoc|x64.Build.0 = Release|Any CPU
		{2CD8EA37-D5C0-4CE1-AED6-044C8F7BB5E1}.Ad-Hoc|x64.Deploy.0 = Release|Any CPU
		{2CD8EA37-D5C0-4CE1-AED6-044C8F7BB5E1}.Ad-Hoc|x86.ActiveCfg = Release|Any CPU
		{2CD8EA37-D5C0-4CE1-AED6-044C8F7BB5E1}.Ad-Hoc|x86.Build.0 = Release|Any CPU
		{2CD8EA37-D5C0-4CE1-AED6-044C8F7BB5E1}.Ad-Hoc|x86.Deploy.0 = Release|Any CPU
		{2CD8EA37-D5C0-4CE1-AED6-044C8F7BB5E1}.AppStore|Any CPU.ActiveCfg = Release|Any CPU
		{2CD8EA37-D5C0-4CE1-AED6-044C8F7BB5E1}.AppStore|Any CPU.Build.0 = Release|Any CPU
		{2CD8EA37-D5C0-4CE1-AED6-044C8F7BB5E1}.AppStore|Any CPU.Deploy.0 = Release|Any CPU
		{2CD8EA37-D5C0-4CE1-AED6-044C8F7BB5E1}.AppStore|ARM.ActiveCfg = Release|Any CPU
		{2CD8EA37-D5C0-4CE1-AED6-044C8F7BB5E1}.AppStore|ARM.Build.0 = Release|Any CPU
		{2CD8EA37-D5C0-4CE1-AED6-044C8F7BB5E1}.AppStore|ARM.Deploy.0 = Release|Any CPU
		{2CD8EA37-D5C0-4CE1-AED6-044C8F7BB5E1}.AppStore|iPhone.ActiveCfg = Release|Any CPU
		{2CD8EA37-D5C0-4CE1-AED6-044C8F7BB5E1}.AppStore|iPhone.Build.0 = Release|Any CPU
		{2CD8EA37-D5C0-4CE1-AED6-044C8F7BB5E1}.AppStore|iPhone.Deploy.0 = Release|Any CPU
		{2CD8EA37-D5C0-4CE1-AED6-044C8F7BB5E1}.AppStore|iPhoneSimulator.ActiveCfg = Release|Any CPU
		{2CD8EA37-D5C0-4CE1-AED6-044C8F7BB5E1}.AppStore|iPhoneSimulator.Build.0 = Release|Any CPU
		{2CD8EA37-D5C0-4CE1-AED6-044C8F7BB5E1}.AppStore|iPhoneSimulator.Deploy.0 = Release|Any CPU
		{2CD8EA37-D5C0-4CE1-AED6-044C8F7BB5E1}.AppStore|x64.ActiveCfg = Release|Any CPU
		{2CD8EA37-D5C0-4CE1-AED6-044C8F7BB5E1}.AppStore|x64.Build.0 = Release|Any CPU
		{2CD8EA37-D5C0-4CE1-AED6-044C8F7BB5E1}.AppStore|x64.Deploy.0 = Release|Any CPU
		{2CD8EA37-D5C0-4CE1-AED6-044C8F7BB5E1}.AppStore|x86.ActiveCfg = Release|Any CPU
		{2CD8EA37-D5C0-4CE1-AED6-044C8F7BB5E1}.AppStore|x86.Build.0 = Release|Any CPU
		{2CD8EA37-D5C0-4CE1-AED6-044C8F7BB5E1}.AppStore|x86.Deploy.0 = Release|Any CPU
		{2CD8EA37-D5C0-4CE1-AED6-044C8F7BB5E1}.Debug|Any CPU.ActiveCfg = Debug|Any CPU
		{2CD8EA37-D5C0-4CE1-AED6-044C8F7BB5E1}.Debug|Any CPU.Build.0 = Debug|Any CPU
		{2CD8EA37-D5C0-4CE1-AED6-044C8F7BB5E1}.Debug|Any CPU.Deploy.0 = Debug|Any CPU
		{2CD8EA37-D5C0-4CE1-AED6-044C8F7BB5E1}.Debug|ARM.ActiveCfg = Debug|Any CPU
		{2CD8EA37-D5C0-4CE1-AED6-044C8F7BB5E1}.Debug|ARM.Build.0 = Debug|Any CPU
		{2CD8EA37-D5C0-4CE1-AED6-044C8F7BB5E1}.Debug|ARM.Deploy.0 = Debug|Any CPU
		{2CD8EA37-D5C0-4CE1-AED6-044C8F7BB5E1}.Debug|iPhone.ActiveCfg = Debug|Any CPU
		{2CD8EA37-D5C0-4CE1-AED6-044C8F7BB5E1}.Debug|iPhone.Build.0 = Debug|Any CPU
		{2CD8EA37-D5C0-4CE1-AED6-044C8F7BB5E1}.Debug|iPhone.Deploy.0 = Debug|Any CPU
		{2CD8EA37-D5C0-4CE1-AED6-044C8F7BB5E1}.Debug|iPhoneSimulator.ActiveCfg = Debug|Any CPU
		{2CD8EA37-D5C0-4CE1-AED6-044C8F7BB5E1}.Debug|iPhoneSimulator.Build.0 = Debug|Any CPU
		{2CD8EA37-D5C0-4CE1-AED6-044C8F7BB5E1}.Debug|iPhoneSimulator.Deploy.0 = Debug|Any CPU
		{2CD8EA37-D5C0-4CE1-AED6-044C8F7BB5E1}.Debug|x64.ActiveCfg = Debug|Any CPU
		{2CD8EA37-D5C0-4CE1-AED6-044C8F7BB5E1}.Debug|x64.Build.0 = Debug|Any CPU
		{2CD8EA37-D5C0-4CE1-AED6-044C8F7BB5E1}.Debug|x64.Deploy.0 = Debug|Any CPU
		{2CD8EA37-D5C0-4CE1-AED6-044C8F7BB5E1}.Debug|x86.ActiveCfg = Debug|Any CPU
		{2CD8EA37-D5C0-4CE1-AED6-044C8F7BB5E1}.Debug|x86.Build.0 = Debug|Any CPU
		{2CD8EA37-D5C0-4CE1-AED6-044C8F7BB5E1}.Debug|x86.Deploy.0 = Debug|Any CPU
		{2CD8EA37-D5C0-4CE1-AED6-044C8F7BB5E1}.Release|Any CPU.ActiveCfg = Release|Any CPU
		{2CD8EA37-D5C0-4CE1-AED6-044C8F7BB5E1}.Release|Any CPU.Build.0 = Release|Any CPU
		{2CD8EA37-D5C0-4CE1-AED6-044C8F7BB5E1}.Release|Any CPU.Deploy.0 = Release|Any CPU
		{2CD8EA37-D5C0-4CE1-AED6-044C8F7BB5E1}.Release|ARM.ActiveCfg = Release|Any CPU
		{2CD8EA37-D5C0-4CE1-AED6-044C8F7BB5E1}.Release|ARM.Build.0 = Release|Any CPU
		{2CD8EA37-D5C0-4CE1-AED6-044C8F7BB5E1}.Release|ARM.Deploy.0 = Release|Any CPU
		{2CD8EA37-D5C0-4CE1-AED6-044C8F7BB5E1}.Release|iPhone.ActiveCfg = Release|Any CPU
		{2CD8EA37-D5C0-4CE1-AED6-044C8F7BB5E1}.Release|iPhone.Build.0 = Release|Any CPU
		{2CD8EA37-D5C0-4CE1-AED6-044C8F7BB5E1}.Release|iPhone.Deploy.0 = Release|Any CPU
		{2CD8EA37-D5C0-4CE1-AED6-044C8F7BB5E1}.Release|iPhoneSimulator.ActiveCfg = Release|Any CPU
		{2CD8EA37-D5C0-4CE1-AED6-044C8F7BB5E1}.Release|iPhoneSimulator.Build.0 = Release|Any CPU
		{2CD8EA37-D5C0-4CE1-AED6-044C8F7BB5E1}.Release|iPhoneSimulator.Deploy.0 = Release|Any CPU
		{2CD8EA37-D5C0-4CE1-AED6-044C8F7BB5E1}.Release|x64.ActiveCfg = Release|Any CPU
		{2CD8EA37-D5C0-4CE1-AED6-044C8F7BB5E1}.Release|x64.Build.0 = Release|Any CPU
		{2CD8EA37-D5C0-4CE1-AED6-044C8F7BB5E1}.Release|x64.Deploy.0 = Release|Any CPU
		{2CD8EA37-D5C0-4CE1-AED6-044C8F7BB5E1}.Release|x86.ActiveCfg = Release|Any CPU
		{2CD8EA37-D5C0-4CE1-AED6-044C8F7BB5E1}.Release|x86.Build.0 = Release|Any CPU
		{2CD8EA37-D5C0-4CE1-AED6-044C8F7BB5E1}.Release|x86.Deploy.0 = Release|Any CPU
		{60EA9CFF-6314-4697-9E0D-B318E31BAECB}.Ad-Hoc|Any CPU.ActiveCfg = Release|Any CPU
		{60EA9CFF-6314-4697-9E0D-B318E31BAECB}.Ad-Hoc|Any CPU.Build.0 = Release|Any CPU
		{60EA9CFF-6314-4697-9E0D-B318E31BAECB}.Ad-Hoc|ARM.ActiveCfg = Release|Any CPU
		{60EA9CFF-6314-4697-9E0D-B318E31BAECB}.Ad-Hoc|ARM.Build.0 = Release|Any CPU
		{60EA9CFF-6314-4697-9E0D-B318E31BAECB}.Ad-Hoc|iPhone.ActiveCfg = Release|Any CPU
		{60EA9CFF-6314-4697-9E0D-B318E31BAECB}.Ad-Hoc|iPhone.Build.0 = Release|Any CPU
		{60EA9CFF-6314-4697-9E0D-B318E31BAECB}.Ad-Hoc|iPhoneSimulator.ActiveCfg = Release|Any CPU
		{60EA9CFF-6314-4697-9E0D-B318E31BAECB}.Ad-Hoc|iPhoneSimulator.Build.0 = Release|Any CPU
		{60EA9CFF-6314-4697-9E0D-B318E31BAECB}.Ad-Hoc|x64.ActiveCfg = Release|Any CPU
		{60EA9CFF-6314-4697-9E0D-B318E31BAECB}.Ad-Hoc|x64.Build.0 = Release|Any CPU
		{60EA9CFF-6314-4697-9E0D-B318E31BAECB}.Ad-Hoc|x86.ActiveCfg = Release|Any CPU
		{60EA9CFF-6314-4697-9E0D-B318E31BAECB}.Ad-Hoc|x86.Build.0 = Release|Any CPU
		{60EA9CFF-6314-4697-9E0D-B318E31BAECB}.AppStore|Any CPU.ActiveCfg = Release|Any CPU
		{60EA9CFF-6314-4697-9E0D-B318E31BAECB}.AppStore|Any CPU.Build.0 = Release|Any CPU
		{60EA9CFF-6314-4697-9E0D-B318E31BAECB}.AppStore|ARM.ActiveCfg = Release|Any CPU
		{60EA9CFF-6314-4697-9E0D-B318E31BAECB}.AppStore|ARM.Build.0 = Release|Any CPU
		{60EA9CFF-6314-4697-9E0D-B318E31BAECB}.AppStore|iPhone.ActiveCfg = Release|Any CPU
		{60EA9CFF-6314-4697-9E0D-B318E31BAECB}.AppStore|iPhone.Build.0 = Release|Any CPU
		{60EA9CFF-6314-4697-9E0D-B318E31BAECB}.AppStore|iPhoneSimulator.ActiveCfg = Release|Any CPU
		{60EA9CFF-6314-4697-9E0D-B318E31BAECB}.AppStore|iPhoneSimulator.Build.0 = Release|Any CPU
		{60EA9CFF-6314-4697-9E0D-B318E31BAECB}.AppStore|x64.ActiveCfg = Release|Any CPU
		{60EA9CFF-6314-4697-9E0D-B318E31BAECB}.AppStore|x64.Build.0 = Release|Any CPU
		{60EA9CFF-6314-4697-9E0D-B318E31BAECB}.AppStore|x86.ActiveCfg = Release|Any CPU
		{60EA9CFF-6314-4697-9E0D-B318E31BAECB}.AppStore|x86.Build.0 = Release|Any CPU
		{60EA9CFF-6314-4697-9E0D-B318E31BAECB}.Debug|Any CPU.ActiveCfg = Debug|Any CPU
		{60EA9CFF-6314-4697-9E0D-B318E31BAECB}.Debug|Any CPU.Build.0 = Debug|Any CPU
		{60EA9CFF-6314-4697-9E0D-B318E31BAECB}.Debug|ARM.ActiveCfg = Debug|Any CPU
		{60EA9CFF-6314-4697-9E0D-B318E31BAECB}.Debug|ARM.Build.0 = Debug|Any CPU
		{60EA9CFF-6314-4697-9E0D-B318E31BAECB}.Debug|iPhone.ActiveCfg = Debug|Any CPU
		{60EA9CFF-6314-4697-9E0D-B318E31BAECB}.Debug|iPhone.Build.0 = Debug|Any CPU
		{60EA9CFF-6314-4697-9E0D-B318E31BAECB}.Debug|iPhoneSimulator.ActiveCfg = Debug|Any CPU
		{60EA9CFF-6314-4697-9E0D-B318E31BAECB}.Debug|iPhoneSimulator.Build.0 = Debug|Any CPU
		{60EA9CFF-6314-4697-9E0D-B318E31BAECB}.Debug|x64.ActiveCfg = Debug|Any CPU
		{60EA9CFF-6314-4697-9E0D-B318E31BAECB}.Debug|x64.Build.0 = Debug|Any CPU
		{60EA9CFF-6314-4697-9E0D-B318E31BAECB}.Debug|x86.ActiveCfg = Debug|Any CPU
		{60EA9CFF-6314-4697-9E0D-B318E31BAECB}.Debug|x86.Build.0 = Debug|Any CPU
		{60EA9CFF-6314-4697-9E0D-B318E31BAECB}.Release|Any CPU.ActiveCfg = Release|Any CPU
		{60EA9CFF-6314-4697-9E0D-B318E31BAECB}.Release|Any CPU.Build.0 = Release|Any CPU
		{60EA9CFF-6314-4697-9E0D-B318E31BAECB}.Release|ARM.ActiveCfg = Release|Any CPU
		{60EA9CFF-6314-4697-9E0D-B318E31BAECB}.Release|ARM.Build.0 = Release|Any CPU
		{60EA9CFF-6314-4697-9E0D-B318E31BAECB}.Release|iPhone.ActiveCfg = Release|Any CPU
		{60EA9CFF-6314-4697-9E0D-B318E31BAECB}.Release|iPhone.Build.0 = Release|Any CPU
		{60EA9CFF-6314-4697-9E0D-B318E31BAECB}.Release|iPhoneSimulator.ActiveCfg = Release|Any CPU
		{60EA9CFF-6314-4697-9E0D-B318E31BAECB}.Release|iPhoneSimulator.Build.0 = Release|Any CPU
		{60EA9CFF-6314-4697-9E0D-B318E31BAECB}.Release|x64.ActiveCfg = Release|Any CPU
		{60EA9CFF-6314-4697-9E0D-B318E31BAECB}.Release|x64.Build.0 = Release|Any CPU
		{60EA9CFF-6314-4697-9E0D-B318E31BAECB}.Release|x86.ActiveCfg = Release|Any CPU
		{60EA9CFF-6314-4697-9E0D-B318E31BAECB}.Release|x86.Build.0 = Release|Any CPU
		{C526B545-D3EB-49A6-BDA6-029A887FB9C4}.Ad-Hoc|Any CPU.ActiveCfg = Release|x86
		{C526B545-D3EB-49A6-BDA6-029A887FB9C4}.Ad-Hoc|Any CPU.Build.0 = Release|x86
		{C526B545-D3EB-49A6-BDA6-029A887FB9C4}.Ad-Hoc|Any CPU.Deploy.0 = Release|x86
		{C526B545-D3EB-49A6-BDA6-029A887FB9C4}.Ad-Hoc|ARM.ActiveCfg = Release|ARM
		{C526B545-D3EB-49A6-BDA6-029A887FB9C4}.Ad-Hoc|ARM.Build.0 = Release|ARM
		{C526B545-D3EB-49A6-BDA6-029A887FB9C4}.Ad-Hoc|ARM.Deploy.0 = Release|ARM
		{C526B545-D3EB-49A6-BDA6-029A887FB9C4}.Ad-Hoc|iPhone.ActiveCfg = Release|x86
		{C526B545-D3EB-49A6-BDA6-029A887FB9C4}.Ad-Hoc|iPhone.Build.0 = Release|x86
		{C526B545-D3EB-49A6-BDA6-029A887FB9C4}.Ad-Hoc|iPhone.Deploy.0 = Release|x86
		{C526B545-D3EB-49A6-BDA6-029A887FB9C4}.Ad-Hoc|iPhoneSimulator.ActiveCfg = Release|x86
		{C526B545-D3EB-49A6-BDA6-029A887FB9C4}.Ad-Hoc|iPhoneSimulator.Build.0 = Release|x86
		{C526B545-D3EB-49A6-BDA6-029A887FB9C4}.Ad-Hoc|iPhoneSimulator.Deploy.0 = Release|x86
		{C526B545-D3EB-49A6-BDA6-029A887FB9C4}.Ad-Hoc|x64.ActiveCfg = Release|x64
		{C526B545-D3EB-49A6-BDA6-029A887FB9C4}.Ad-Hoc|x64.Build.0 = Release|x64
		{C526B545-D3EB-49A6-BDA6-029A887FB9C4}.Ad-Hoc|x64.Deploy.0 = Release|x64
		{C526B545-D3EB-49A6-BDA6-029A887FB9C4}.Ad-Hoc|x86.ActiveCfg = Release|x86
		{C526B545-D3EB-49A6-BDA6-029A887FB9C4}.Ad-Hoc|x86.Build.0 = Release|x86
		{C526B545-D3EB-49A6-BDA6-029A887FB9C4}.Ad-Hoc|x86.Deploy.0 = Release|x86
		{C526B545-D3EB-49A6-BDA6-029A887FB9C4}.AppStore|Any CPU.ActiveCfg = Release|x86
		{C526B545-D3EB-49A6-BDA6-029A887FB9C4}.AppStore|Any CPU.Build.0 = Release|x86
		{C526B545-D3EB-49A6-BDA6-029A887FB9C4}.AppStore|Any CPU.Deploy.0 = Release|x86
		{C526B545-D3EB-49A6-BDA6-029A887FB9C4}.AppStore|ARM.ActiveCfg = Release|ARM
		{C526B545-D3EB-49A6-BDA6-029A887FB9C4}.AppStore|ARM.Build.0 = Release|ARM
		{C526B545-D3EB-49A6-BDA6-029A887FB9C4}.AppStore|ARM.Deploy.0 = Release|ARM
		{C526B545-D3EB-49A6-BDA6-029A887FB9C4}.AppStore|iPhone.ActiveCfg = Release|x86
		{C526B545-D3EB-49A6-BDA6-029A887FB9C4}.AppStore|iPhone.Build.0 = Release|x86
		{C526B545-D3EB-49A6-BDA6-029A887FB9C4}.AppStore|iPhone.Deploy.0 = Release|x86
		{C526B545-D3EB-49A6-BDA6-029A887FB9C4}.AppStore|iPhoneSimulator.ActiveCfg = Release|x86
		{C526B545-D3EB-49A6-BDA6-029A887FB9C4}.AppStore|iPhoneSimulator.Build.0 = Release|x86
		{C526B545-D3EB-49A6-BDA6-029A887FB9C4}.AppStore|iPhoneSimulator.Deploy.0 = Release|x86
		{C526B545-D3EB-49A6-BDA6-029A887FB9C4}.AppStore|x64.ActiveCfg = Release|x64
		{C526B545-D3EB-49A6-BDA6-029A887FB9C4}.AppStore|x64.Build.0 = Release|x64
		{C526B545-D3EB-49A6-BDA6-029A887FB9C4}.AppStore|x64.Deploy.0 = Release|x64
		{C526B545-D3EB-49A6-BDA6-029A887FB9C4}.AppStore|x86.ActiveCfg = Release|x86
		{C526B545-D3EB-49A6-BDA6-029A887FB9C4}.AppStore|x86.Build.0 = Release|x86
		{C526B545-D3EB-49A6-BDA6-029A887FB9C4}.AppStore|x86.Deploy.0 = Release|x86
		{C526B545-D3EB-49A6-BDA6-029A887FB9C4}.Debug|Any CPU.ActiveCfg = Debug|x86
		{C526B545-D3EB-49A6-BDA6-029A887FB9C4}.Debug|ARM.ActiveCfg = Debug|ARM
		{C526B545-D3EB-49A6-BDA6-029A887FB9C4}.Debug|ARM.Build.0 = Debug|ARM
		{C526B545-D3EB-49A6-BDA6-029A887FB9C4}.Debug|ARM.Deploy.0 = Debug|ARM
		{C526B545-D3EB-49A6-BDA6-029A887FB9C4}.Debug|iPhone.ActiveCfg = Debug|x86
		{C526B545-D3EB-49A6-BDA6-029A887FB9C4}.Debug|iPhoneSimulator.ActiveCfg = Debug|x86
		{C526B545-D3EB-49A6-BDA6-029A887FB9C4}.Debug|x64.ActiveCfg = Debug|x64
		{C526B545-D3EB-49A6-BDA6-029A887FB9C4}.Debug|x64.Build.0 = Debug|x64
		{C526B545-D3EB-49A6-BDA6-029A887FB9C4}.Debug|x64.Deploy.0 = Debug|x64
		{C526B545-D3EB-49A6-BDA6-029A887FB9C4}.Debug|x86.ActiveCfg = Debug|x86
		{C526B545-D3EB-49A6-BDA6-029A887FB9C4}.Debug|x86.Build.0 = Debug|x86
		{C526B545-D3EB-49A6-BDA6-029A887FB9C4}.Debug|x86.Deploy.0 = Debug|x86
		{C526B545-D3EB-49A6-BDA6-029A887FB9C4}.Release|Any CPU.ActiveCfg = Release|x86
		{C526B545-D3EB-49A6-BDA6-029A887FB9C4}.Release|ARM.ActiveCfg = Release|ARM
		{C526B545-D3EB-49A6-BDA6-029A887FB9C4}.Release|ARM.Build.0 = Release|ARM
		{C526B545-D3EB-49A6-BDA6-029A887FB9C4}.Release|ARM.Deploy.0 = Release|ARM
		{C526B545-D3EB-49A6-BDA6-029A887FB9C4}.Release|iPhone.ActiveCfg = Release|x86
		{C526B545-D3EB-49A6-BDA6-029A887FB9C4}.Release|iPhoneSimulator.ActiveCfg = Release|x86
		{C526B545-D3EB-49A6-BDA6-029A887FB9C4}.Release|x64.ActiveCfg = Release|x64
		{C526B545-D3EB-49A6-BDA6-029A887FB9C4}.Release|x64.Build.0 = Release|x64
		{C526B545-D3EB-49A6-BDA6-029A887FB9C4}.Release|x64.Deploy.0 = Release|x64
		{C526B545-D3EB-49A6-BDA6-029A887FB9C4}.Release|x86.ActiveCfg = Release|x86
		{C526B545-D3EB-49A6-BDA6-029A887FB9C4}.Release|x86.Build.0 = Release|x86
		{C526B545-D3EB-49A6-BDA6-029A887FB9C4}.Release|x86.Deploy.0 = Release|x86
		{38F6FCB9-9DCD-4824-B3E5-947BCEDD8800}.Ad-Hoc|Any CPU.ActiveCfg = Ad-Hoc|iPhone
		{38F6FCB9-9DCD-4824-B3E5-947BCEDD8800}.Ad-Hoc|ARM.ActiveCfg = Ad-Hoc|iPhone
		{38F6FCB9-9DCD-4824-B3E5-947BCEDD8800}.Ad-Hoc|iPhone.ActiveCfg = Ad-Hoc|iPhone
		{38F6FCB9-9DCD-4824-B3E5-947BCEDD8800}.Ad-Hoc|iPhone.Build.0 = Ad-Hoc|iPhone
		{38F6FCB9-9DCD-4824-B3E5-947BCEDD8800}.Ad-Hoc|iPhoneSimulator.ActiveCfg = Ad-Hoc|iPhoneSimulator
		{38F6FCB9-9DCD-4824-B3E5-947BCEDD8800}.Ad-Hoc|iPhoneSimulator.Build.0 = Ad-Hoc|iPhoneSimulator
		{38F6FCB9-9DCD-4824-B3E5-947BCEDD8800}.Ad-Hoc|x64.ActiveCfg = Ad-Hoc|iPhone
		{38F6FCB9-9DCD-4824-B3E5-947BCEDD8800}.Ad-Hoc|x86.ActiveCfg = Ad-Hoc|iPhone
		{38F6FCB9-9DCD-4824-B3E5-947BCEDD8800}.AppStore|Any CPU.ActiveCfg = AppStore|iPhone
		{38F6FCB9-9DCD-4824-B3E5-947BCEDD8800}.AppStore|ARM.ActiveCfg = AppStore|iPhone
		{38F6FCB9-9DCD-4824-B3E5-947BCEDD8800}.AppStore|iPhone.ActiveCfg = AppStore|iPhone
		{38F6FCB9-9DCD-4824-B3E5-947BCEDD8800}.AppStore|iPhone.Build.0 = AppStore|iPhone
		{38F6FCB9-9DCD-4824-B3E5-947BCEDD8800}.AppStore|iPhoneSimulator.ActiveCfg = AppStore|iPhoneSimulator
		{38F6FCB9-9DCD-4824-B3E5-947BCEDD8800}.AppStore|iPhoneSimulator.Build.0 = AppStore|iPhoneSimulator
		{38F6FCB9-9DCD-4824-B3E5-947BCEDD8800}.AppStore|x64.ActiveCfg = AppStore|iPhone
		{38F6FCB9-9DCD-4824-B3E5-947BCEDD8800}.AppStore|x86.ActiveCfg = AppStore|iPhone
		{38F6FCB9-9DCD-4824-B3E5-947BCEDD8800}.Debug|Any CPU.ActiveCfg = Debug|iPhone
		{38F6FCB9-9DCD-4824-B3E5-947BCEDD8800}.Debug|ARM.ActiveCfg = Debug|iPhone
		{38F6FCB9-9DCD-4824-B3E5-947BCEDD8800}.Debug|iPhone.ActiveCfg = Debug|iPhone
		{38F6FCB9-9DCD-4824-B3E5-947BCEDD8800}.Debug|iPhone.Build.0 = Debug|iPhone
		{38F6FCB9-9DCD-4824-B3E5-947BCEDD8800}.Debug|iPhoneSimulator.ActiveCfg = Debug|iPhoneSimulator
		{38F6FCB9-9DCD-4824-B3E5-947BCEDD8800}.Debug|iPhoneSimulator.Build.0 = Debug|iPhoneSimulator
		{38F6FCB9-9DCD-4824-B3E5-947BCEDD8800}.Debug|x64.ActiveCfg = Debug|iPhone
		{38F6FCB9-9DCD-4824-B3E5-947BCEDD8800}.Debug|x86.ActiveCfg = Debug|iPhone
		{38F6FCB9-9DCD-4824-B3E5-947BCEDD8800}.Release|Any CPU.ActiveCfg = Release|iPhone
		{38F6FCB9-9DCD-4824-B3E5-947BCEDD8800}.Release|ARM.ActiveCfg = Release|iPhone
		{38F6FCB9-9DCD-4824-B3E5-947BCEDD8800}.Release|iPhone.ActiveCfg = Release|iPhone
		{38F6FCB9-9DCD-4824-B3E5-947BCEDD8800}.Release|iPhone.Build.0 = Release|iPhone
		{38F6FCB9-9DCD-4824-B3E5-947BCEDD8800}.Release|iPhoneSimulator.ActiveCfg = Release|iPhoneSimulator
		{38F6FCB9-9DCD-4824-B3E5-947BCEDD8800}.Release|iPhoneSimulator.Build.0 = Release|iPhoneSimulator
		{38F6FCB9-9DCD-4824-B3E5-947BCEDD8800}.Release|x64.ActiveCfg = Release|iPhone
		{38F6FCB9-9DCD-4824-B3E5-947BCEDD8800}.Release|x86.ActiveCfg = Release|iPhone
	EndGlobalSection
	GlobalSection(SolutionProperties) = preSolution
		HideSolutionNode = FALSE
	EndGlobalSection
	GlobalSection(ExtensibilityGlobals) = postSolution
		SolutionGuid = {05CA22B9-598C-4C15-9723-FD42F6C416ED}
	EndGlobalSection
EndGlobal
